
Microsoft Visual Studio Solution File, Format Version 12.00
# Visual Studio 14
VisualStudioVersion = 14.0.25420.1
MinimumVisualStudioVersion = 10.0.40219.1
Project("{FAE04EC0-301F-11D3-BF4B-00C04F79EFBC}") = "Hangfire.AspNet", "src\Hangfire.AspNet\Hangfire.AspNet.csproj", "{DC6F0777-E99D-49DC-8A7C-84B087C84738}"
EndProject
Project("{2150E333-8FDC-42A3-9474-1A3956D46DE8}") = "nuspecs", "nuspecs", "{9379DDA0-2EB5-4DFB-B997-02637E11877E}"
	ProjectSection(SolutionItems) = preProject
		nuspecs\Hangfire.AspNet.nuspec = nuspecs\Hangfire.AspNet.nuspec
	EndProjectSection
EndProject
Project("{2150E333-8FDC-42A3-9474-1A3956D46DE8}") = "build", "build", "{10680C76-AE48-45A8-B749-2955D3673073}"
	ProjectSection(SolutionItems) = preProject
		appveyor.yml = appveyor.yml
		.nuget\packages.config = .nuget\packages.config
		psake-project.ps1 = psake-project.ps1
	EndProjectSection
EndProject
Project("{FAE04EC0-301F-11D3-BF4B-00C04F79EFBC}") = "Hangfire.AspNet.Tests", "tests\Hangfire.AspNet.Tests\Hangfire.AspNet.Tests.csproj", "{5DDF5E64-297B-46E1-935C-3FA079F607C8}"
EndProject
Global
	GlobalSection(SolutionConfigurationPlatforms) = preSolution
		Debug|Any CPU = Debug|Any CPU
		Release|Any CPU = Release|Any CPU
	EndGlobalSection
	GlobalSection(ProjectConfigurationPlatforms) = postSolution
		{DC6F0777-E99D-49DC-8A7C-84B087C84738}.Debug|Any CPU.ActiveCfg = Debug|Any CPU
		{DC6F0777-E99D-49DC-8A7C-84B087C84738}.Debug|Any CPU.Build.0 = Debug|Any CPU
		{DC6F0777-E99D-49DC-8A7C-84B087C84738}.Release|Any CPU.ActiveCfg = Release|Any CPU
		{DC6F0777-E99D-49DC-8A7C-84B087C84738}.Release|Any CPU.Build.0 = Release|Any CPU
		{5DDF5E64-297B-46E1-935C-3FA079F607C8}.Debug|Any CPU.ActiveCfg = Debug|Any CPU
		{5DDF5E64-297B-46E1-935C-3FA079F607C8}.Debug|Any CPU.Build.0 = Debug|Any CPU
		{5DDF5E64-297B-46E1-935C-3FA079F607C8}.Release|Any CPU.ActiveCfg = Release|Any CPU
		{5DDF5E64-297B-46E1-935C-3FA079F607C8}.Release|Any CPU.Build.0 = Release|Any CPU
	EndGlobalSection
	GlobalSection(SolutionProperties) = preSolution
		HideSolutionNode = FALSE
	EndGlobalSection
EndGlobal
